
Microsoft Visual Studio Solution File, Format Version 12.00
# Visual Studio Version 17
VisualStudioVersion = 17.8.34330.188
MinimumVisualStudioVersion = 10.0.40219.1
Project("{FAE04EC0-301F-11D3-BF4B-00C04F79EFBC}") = "SistemaHospedagem", "SistemaHospedagem\SistemaHospedagem.csproj", "{A084F71A-24CF-4D1E-9B99-854161B35C2A}"
EndProject
Global
	GlobalSection(SolutionConfigurationPlatforms) = preSolution
		Debug|Any CPU = Debug|Any CPU
		Release|Any CPU = Release|Any CPU
	EndGlobalSection
	GlobalSection(ProjectConfigurationPlatforms) = postSolution
		{A084F71A-24CF-4D1E-9B99-854161B35C2A}.Debug|Any CPU.ActiveCfg = Debug|Any CPU
		{A084F71A-24CF-4D1E-9B99-854161B35C2A}.Debug|Any CPU.Build.0 = Debug|Any CPU
		{A084F71A-24CF-4D1E-9B99-854161B35C2A}.Release|Any CPU.ActiveCfg = Release|Any CPU
		{A084F71A-24CF-4D1E-9B99-854161B35C2A}.Release|Any CPU.Build.0 = Release|Any CPU
	EndGlobalSection
	GlobalSection(SolutionProperties) = preSolution
		HideSolutionNode = FALSE
	EndGlobalSection
	GlobalSection(ExtensibilityGlobals) = postSolution
		SolutionGuid = {17080B81-1EC8-407B-894C-65C3681EC74F}
	EndGlobalSection
EndGlobal
